// !$*UTF8*$!
{
	archiveVersion = 1;
	classes = {
	};
	objectVersion = 51;
	objects = {

/* Begin PBXBuildFile section */
		4D7B1A14AE6C32178D2AC503 /* Pods_Nwqis.framework in Frameworks */ = {isa = PBXBuildFile; fileRef = 19018E99C0A744C3E8EEBD09 /* Pods_Nwqis.framework */; };
		6906D38F238430B900CEA89F /* roundedTF.swift in Sources */ = {isa = PBXBuildFile; fileRef = 6906D38E238430B900CEA89F /* roundedTF.swift */; };
		690BA7B0238E8A67008BD3B5 /* helper.swift in Sources */ = {isa = PBXBuildFile; fileRef = 690BA7AF238E8A67008BD3B5 /* helper.swift */; };
		6927FDD923A13FBE00DF3C2B /* cityAndAreasModel.swift in Sources */ = {isa = PBXBuildFile; fileRef = 6927FDD823A13FBE00DF3C2B /* cityAndAreasModel.swift */; };
		6927FDDB23A1406B00DF3C2B /* API+CityAndAreas.swift in Sources */ = {isa = PBXBuildFile; fileRef = 6927FDDA23A1406B00DF3C2B /* API+CityAndAreas.swift */; };
		6927FDDD23A152D900DF3C2B /* categoursSubcategoursModel.swift in Sources */ = {isa = PBXBuildFile; fileRef = 6927FDDC23A152D900DF3C2B /* categoursSubcategoursModel.swift */; };
		6927FDDF23A154D500DF3C2B /* API+CategoursAndSubCategours.swift in Sources */ = {isa = PBXBuildFile; fileRef = 6927FDDE23A154D500DF3C2B /* API+CategoursAndSubCategours.swift */; };
		692A6A9623AF881B00973645 /* messageHomeVC.swift in Sources */ = {isa = PBXBuildFile; fileRef = 692A6A9523AF881B00973645 /* messageHomeVC.swift */; };
		692A6A9823AF885C00973645 /* messageDitelsVC.swift in Sources */ = {isa = PBXBuildFile; fileRef = 692A6A9723AF885C00973645 /* messageDitelsVC.swift */; };
		692A6A9A23AF88C700973645 /* replayMessageVC.swift in Sources */ = {isa = PBXBuildFile; fileRef = 692A6A9923AF88C700973645 /* replayMessageVC.swift */; };
		692A6A9C23AF918300973645 /* rondedSegent.swift in Sources */ = {isa = PBXBuildFile; fileRef = 692A6A9B23AF918300973645 /* rondedSegent.swift */; };
		692A6A9E23AFA5BD00973645 /* messageModel.swift in Sources */ = {isa = PBXBuildFile; fileRef = 692A6A9D23AFA5BD00973645 /* messageModel.swift */; };
		692A6AA023AFA79400973645 /* API+Messages.swift in Sources */ = {isa = PBXBuildFile; fileRef = 692A6A9F23AFA79400973645 /* API+Messages.swift */; };
		692A6AA323AFAE4D00973645 /* historyMessageCell.swift in Sources */ = {isa = PBXBuildFile; fileRef = 692A6AA223AFAE4D00973645 /* historyMessageCell.swift */; };
		692A6AA523AFC73C00973645 /* messageDitealsCell.swift in Sources */ = {isa = PBXBuildFile; fileRef = 692A6AA423AFC73C00973645 /* messageDitealsCell.swift */; };
		693488602384040500871ABE /* AppDelegate.swift in Sources */ = {isa = PBXBuildFile; fileRef = 6934885F2384040500871ABE /* AppDelegate.swift */; };
		693488622384040500871ABE /* SceneDelegate.swift in Sources */ = {isa = PBXBuildFile; fileRef = 693488612384040500871ABE /* SceneDelegate.swift */; };
		693488642384040500871ABE /* loginVC.swift in Sources */ = {isa = PBXBuildFile; fileRef = 693488632384040500871ABE /* loginVC.swift */; };
		693488672384040500871ABE /* Main.storyboard in Resources */ = {isa = PBXBuildFile; fileRef = 693488652384040500871ABE /* Main.storyboard */; };
		693488692384040500871ABE /* Assets.xcassets in Resources */ = {isa = PBXBuildFile; fileRef = 693488682384040500871ABE /* Assets.xcassets */; };
		6934886C2384040500871ABE /* LaunchScreen.storyboard in Resources */ = {isa = PBXBuildFile; fileRef = 6934886A2384040500871ABE /* LaunchScreen.storyboard */; };
		69364C7F2385591A005DB4E5 /* textImage.swift in Sources */ = {isa = PBXBuildFile; fileRef = 69364C7E2385591A005DB4E5 /* textImage.swift */; };
		69364C8123856AD5005DB4E5 /* roundedBTN.swift in Sources */ = {isa = PBXBuildFile; fileRef = 69364C8023856AD5005DB4E5 /* roundedBTN.swift */; };
		69364C832385825F005DB4E5 /* roundedView.swift in Sources */ = {isa = PBXBuildFile; fileRef = 69364C822385825F005DB4E5 /* roundedView.swift */; };
		694CC50323A2830600F371B8 /* subCatVC.swift in Sources */ = {isa = PBXBuildFile; fileRef = 694CC50223A2830600F371B8 /* subCatVC.swift */; };
		694CC50623A2944F00F371B8 /* subCatCell.swift in Sources */ = {isa = PBXBuildFile; fileRef = 694CC50523A2944F00F371B8 /* subCatCell.swift */; };
		694CC50A23A29A6F00F371B8 /* API+Requsests.swift in Sources */ = {isa = PBXBuildFile; fileRef = 694CC50923A29A6F00F371B8 /* API+Requsests.swift */; };
		694CC50C23A29A9C00F371B8 /* banners.swift in Sources */ = {isa = PBXBuildFile; fileRef = 694CC50B23A29A9C00F371B8 /* banners.swift */; };
		694CC50E23A2A40E00F371B8 /* CollectionViewCell.swift in Sources */ = {isa = PBXBuildFile; fileRef = 694CC50D23A2A40E00F371B8 /* CollectionViewCell.swift */; };
		6959BA6D23A90942001DB7AF /* FilterDeleget.swift in Sources */ = {isa = PBXBuildFile; fileRef = 6959BA6C23A90942001DB7AF /* FilterDeleget.swift */; };
		6959BA6F23A94C38001DB7AF /* API+Requests.swift in Sources */ = {isa = PBXBuildFile; fileRef = 6959BA6E23A94C38001DB7AF /* API+Requests.swift */; };
		6964C1CF23AA845E00032926 /* myRequestsDitelsVC.swift in Sources */ = {isa = PBXBuildFile; fileRef = 6964C1CE23AA845E00032926 /* myRequestsDitelsVC.swift */; };
		6964C1D123AA8B5B00032926 /* myRequDItelsCell.swift in Sources */ = {isa = PBXBuildFile; fileRef = 6964C1D023AA8B5B00032926 /* myRequDItelsCell.swift */; };
		6978658723A6890300EDEEB7 /* profileVC.swift in Sources */ = {isa = PBXBuildFile; fileRef = 6978658623A6890300EDEEB7 /* profileVC.swift */; };
		6978658923A68A4200EDEEB7 /* API+Prfoile.swift in Sources */ = {isa = PBXBuildFile; fileRef = 6978658823A68A4200EDEEB7 /* API+Prfoile.swift */; };
		6978658B23A6921700EDEEB7 /* editProifleVC.swift in Sources */ = {isa = PBXBuildFile; fileRef = 6978658A23A6921700EDEEB7 /* editProifleVC.swift */; };
		698421BF23A7E5DF000C63BD /* offersModel.swift in Sources */ = {isa = PBXBuildFile; fileRef = 698421BE23A7E5DF000C63BD /* offersModel.swift */; };
		698421C223A7EAB1000C63BD /* offersCell.swift in Sources */ = {isa = PBXBuildFile; fileRef = 698421C123A7EAB1000C63BD /* offersCell.swift */; };
		698664272386A4CA00848F61 /* registerVC.swift in Sources */ = {isa = PBXBuildFile; fileRef = 698664262386A4CA00848F61 /* registerVC.swift */; };
		6986642B2386A6FF00848F61 /* homeVC.swift in Sources */ = {isa = PBXBuildFile; fileRef = 6986642A2386A6FF00848F61 /* homeVC.swift */; };
		699443B923A7A4D10027A268 /* downCategourysVC.swift in Sources */ = {isa = PBXBuildFile; fileRef = 699443B823A7A4D10027A268 /* downCategourysVC.swift */; };
		69ACF8A223AA6BED00FC07F5 /* myRequestsCell.swift in Sources */ = {isa = PBXBuildFile; fileRef = 69ACF8A123AA6BED00FC07F5 /* myRequestsCell.swift */; };
		69B461DC2386C53E00A53D60 /* searchVC.swift in Sources */ = {isa = PBXBuildFile; fileRef = 69B461DB2386C53E00A53D60 /* searchVC.swift */; };
		69B461DE2386C5D800A53D60 /* categoryCell.swift in Sources */ = {isa = PBXBuildFile; fileRef = 69B461DD2386C5D800A53D60 /* categoryCell.swift */; };
		69B461E02386E64100A53D60 /* customRoundView.swift in Sources */ = {isa = PBXBuildFile; fileRef = 69B461DF2386E64100A53D60 /* customRoundView.swift */; };
		69B461E22386EDA100A53D60 /* costomTV.swift in Sources */ = {isa = PBXBuildFile; fileRef = 69B461E12386EDA100A53D60 /* costomTV.swift */; };
		69CC0B02239FC62000C7E058 /* Cofig.swift in Sources */ = {isa = PBXBuildFile; fileRef = 69CC0B01239FC62000C7E058 /* Cofig.swift */; };
		69CC0B05239FC78300C7E058 /* API+Auth.swift in Sources */ = {isa = PBXBuildFile; fileRef = 69CC0B04239FC78300C7E058 /* API+Auth.swift */; };
		69CC0B07239FD8BF00C7E058 /* internetConnection.swift in Sources */ = {isa = PBXBuildFile; fileRef = 69CC0B06239FD8BF00C7E058 /* internetConnection.swift */; };
		69E1416A238C034A001D8FDE /* showAlert.swift in Sources */ = {isa = PBXBuildFile; fileRef = 69E14169238C034A001D8FDE /* showAlert.swift */; };
		69E1416C238C16CF001D8FDE /* addNewAddressVC.swift in Sources */ = {isa = PBXBuildFile; fileRef = 69E1416B238C16CF001D8FDE /* addNewAddressVC.swift */; };
		69F764C3239E67200022D3C2 /* LocationSearchTable.swift in Sources */ = {isa = PBXBuildFile; fileRef = 69F764C2239E67200022D3C2 /* LocationSearchTable.swift */; };
		69FFD48F238A90860008A965 /* helpVC.swift in Sources */ = {isa = PBXBuildFile; fileRef = 69FFD48E238A90860008A965 /* helpVC.swift */; };
/* End PBXBuildFile section */

/* Begin PBXFileReference section */
		19018E99C0A744C3E8EEBD09 /* Pods_Nwqis.framework */ = {isa = PBXFileReference; explicitFileType = wrapper.framework; includeInIndex = 0; path = Pods_Nwqis.framework; sourceTree = BUILT_PRODUCTS_DIR; };
		1B32A4DF77EB2E83938F025F /* Pods-Nwqis.debug.xcconfig */ = {isa = PBXFileReference; includeInIndex = 1; lastKnownFileType = text.xcconfig; name = "Pods-Nwqis.debug.xcconfig"; path = "Target Support Files/Pods-Nwqis/Pods-Nwqis.debug.xcconfig"; sourceTree = "<group>"; };
		6906D38E238430B900CEA89F /* roundedTF.swift */ = {isa = PBXFileReference; lastKnownFileType = sourcecode.swift; path = roundedTF.swift; sourceTree = "<group>"; };
		690BA7AF238E8A67008BD3B5 /* helper.swift */ = {isa = PBXFileReference; lastKnownFileType = sourcecode.swift; path = helper.swift; sourceTree = "<group>"; };
		6927FDD823A13FBE00DF3C2B /* cityAndAreasModel.swift */ = {isa = PBXFileReference; lastKnownFileType = sourcecode.swift; path = cityAndAreasModel.swift; sourceTree = "<group>"; };
		6927FDDA23A1406B00DF3C2B /* API+CityAndAreas.swift */ = {isa = PBXFileReference; lastKnownFileType = sourcecode.swift; path = "API+CityAndAreas.swift"; sourceTree = "<group>"; };
		6927FDDC23A152D900DF3C2B /* categoursSubcategoursModel.swift */ = {isa = PBXFileReference; lastKnownFileType = sourcecode.swift; path = categoursSubcategoursModel.swift; sourceTree = "<group>"; };
		6927FDDE23A154D500DF3C2B /* API+CategoursAndSubCategours.swift */ = {isa = PBXFileReference; lastKnownFileType = sourcecode.swift; path = "API+CategoursAndSubCategours.swift"; sourceTree = "<group>"; };
		692A6A9523AF881B00973645 /* messageHomeVC.swift */ = {isa = PBXFileReference; lastKnownFileType = sourcecode.swift; path = messageHomeVC.swift; sourceTree = "<group>"; };
		692A6A9723AF885C00973645 /* messageDitelsVC.swift */ = {isa = PBXFileReference; lastKnownFileType = sourcecode.swift; path = messageDitelsVC.swift; sourceTree = "<group>"; };
		692A6A9923AF88C700973645 /* replayMessageVC.swift */ = {isa = PBXFileReference; lastKnownFileType = sourcecode.swift; path = replayMessageVC.swift; sourceTree = "<group>"; };
		692A6A9B23AF918300973645 /* rondedSegent.swift */ = {isa = PBXFileReference; lastKnownFileType = sourcecode.swift; path = rondedSegent.swift; sourceTree = "<group>"; };
		692A6A9D23AFA5BD00973645 /* messageModel.swift */ = {isa = PBXFileReference; lastKnownFileType = sourcecode.swift; path = messageModel.swift; sourceTree = "<group>"; };
		692A6A9F23AFA79400973645 /* API+Messages.swift */ = {isa = PBXFileReference; lastKnownFileType = sourcecode.swift; path = "API+Messages.swift"; sourceTree = "<group>"; };
		692A6AA223AFAE4D00973645 /* historyMessageCell.swift */ = {isa = PBXFileReference; lastKnownFileType = sourcecode.swift; path = historyMessageCell.swift; sourceTree = "<group>"; };
		692A6AA423AFC73C00973645 /* messageDitealsCell.swift */ = {isa = PBXFileReference; lastKnownFileType = sourcecode.swift; path = messageDitealsCell.swift; sourceTree = "<group>"; };
		6934885C2384040500871ABE /* Nwqis.app */ = {isa = PBXFileReference; explicitFileType = wrapper.application; includeInIndex = 0; path = Nwqis.app; sourceTree = BUILT_PRODUCTS_DIR; };
		6934885F2384040500871ABE /* AppDelegate.swift */ = {isa = PBXFileReference; lastKnownFileType = sourcecode.swift; path = AppDelegate.swift; sourceTree = "<group>"; };
		693488612384040500871ABE /* SceneDelegate.swift */ = {isa = PBXFileReference; lastKnownFileType = sourcecode.swift; path = SceneDelegate.swift; sourceTree = "<group>"; };
		693488632384040500871ABE /* loginVC.swift */ = {isa = PBXFileReference; lastKnownFileType = sourcecode.swift; path = loginVC.swift; sourceTree = "<group>"; };
		693488662384040500871ABE /* Base */ = {isa = PBXFileReference; lastKnownFileType = file.storyboard; name = Base; path = Base.lproj/Main.storyboard; sourceTree = "<group>"; };
		693488682384040500871ABE /* Assets.xcassets */ = {isa = PBXFileReference; lastKnownFileType = folder.assetcatalog; path = Assets.xcassets; sourceTree = "<group>"; };
		6934886B2384040500871ABE /* Base */ = {isa = PBXFileReference; lastKnownFileType = file.storyboard; name = Base; path = Base.lproj/LaunchScreen.storyboard; sourceTree = "<group>"; };
		6934886D2384040500871ABE /* Info.plist */ = {isa = PBXFileReference; lastKnownFileType = text.plist.xml; path = Info.plist; sourceTree = "<group>"; };
		69364C7E2385591A005DB4E5 /* textImage.swift */ = {isa = PBXFileReference; lastKnownFileType = sourcecode.swift; path = textImage.swift; sourceTree = "<group>"; };
		69364C8023856AD5005DB4E5 /* roundedBTN.swift */ = {isa = PBXFileReference; lastKnownFileType = sourcecode.swift; path = roundedBTN.swift; sourceTree = "<group>"; };
		69364C822385825F005DB4E5 /* roundedView.swift */ = {isa = PBXFileReference; lastKnownFileType = sourcecode.swift; path = roundedView.swift; sourceTree = "<group>"; };
		694CC50223A2830600F371B8 /* subCatVC.swift */ = {isa = PBXFileReference; lastKnownFileType = sourcecode.swift; path = subCatVC.swift; sourceTree = "<group>"; };
		694CC50523A2944F00F371B8 /* subCatCell.swift */ = {isa = PBXFileReference; lastKnownFileType = sourcecode.swift; path = subCatCell.swift; sourceTree = "<group>"; };
		694CC50923A29A6F00F371B8 /* API+Requsests.swift */ = {isa = PBXFileReference; lastKnownFileType = sourcecode.swift; path = "API+Requsests.swift"; sourceTree = "<group>"; };
		694CC50B23A29A9C00F371B8 /* banners.swift */ = {isa = PBXFileReference; lastKnownFileType = sourcecode.swift; path = banners.swift; sourceTree = "<group>"; };
		694CC50D23A2A40E00F371B8 /* CollectionViewCell.swift */ = {isa = PBXFileReference; lastKnownFileType = sourcecode.swift; path = CollectionViewCell.swift; sourceTree = "<group>"; };
		6959BA6C23A90942001DB7AF /* FilterDeleget.swift */ = {isa = PBXFileReference; lastKnownFileType = sourcecode.swift; path = FilterDeleget.swift; sourceTree = "<group>"; };
		6959BA6E23A94C38001DB7AF /* API+Requests.swift */ = {isa = PBXFileReference; lastKnownFileType = sourcecode.swift; path = "API+Requests.swift"; sourceTree = "<group>"; };
		6964C1CE23AA845E00032926 /* myRequestsDitelsVC.swift */ = {isa = PBXFileReference; lastKnownFileType = sourcecode.swift; path = myRequestsDitelsVC.swift; sourceTree = "<group>"; };
		6964C1D023AA8B5B00032926 /* myRequDItelsCell.swift */ = {isa = PBXFileReference; lastKnownFileType = sourcecode.swift; path = myRequDItelsCell.swift; sourceTree = "<group>"; };
		6978658623A6890300EDEEB7 /* profileVC.swift */ = {isa = PBXFileReference; lastKnownFileType = sourcecode.swift; path = profileVC.swift; sourceTree = "<group>"; };
		6978658823A68A4200EDEEB7 /* API+Prfoile.swift */ = {isa = PBXFileReference; lastKnownFileType = sourcecode.swift; path = "API+Prfoile.swift"; sourceTree = "<group>"; };
		6978658A23A6921700EDEEB7 /* editProifleVC.swift */ = {isa = PBXFileReference; lastKnownFileType = sourcecode.swift; path = editProifleVC.swift; sourceTree = "<group>"; };
		698421BE23A7E5DF000C63BD /* offersModel.swift */ = {isa = PBXFileReference; lastKnownFileType = sourcecode.swift; path = offersModel.swift; sourceTree = "<group>"; };
		698421C123A7EAB1000C63BD /* offersCell.swift */ = {isa = PBXFileReference; lastKnownFileType = sourcecode.swift; path = offersCell.swift; sourceTree = "<group>"; };
		698664262386A4CA00848F61 /* registerVC.swift */ = {isa = PBXFileReference; lastKnownFileType = sourcecode.swift; path = registerVC.swift; sourceTree = "<group>"; };
		6986642A2386A6FF00848F61 /* homeVC.swift */ = {isa = PBXFileReference; lastKnownFileType = sourcecode.swift; path = homeVC.swift; sourceTree = "<group>"; };
		699443B823A7A4D10027A268 /* downCategourysVC.swift */ = {isa = PBXFileReference; lastKnownFileType = sourcecode.swift; path = downCategourysVC.swift; sourceTree = "<group>"; };
		69ACF8A123AA6BED00FC07F5 /* myRequestsCell.swift */ = {isa = PBXFileReference; lastKnownFileType = sourcecode.swift; path = myRequestsCell.swift; sourceTree = "<group>"; };
		69B461DB2386C53E00A53D60 /* searchVC.swift */ = {isa = PBXFileReference; lastKnownFileType = sourcecode.swift; path = searchVC.swift; sourceTree = "<group>"; };
		69B461DD2386C5D800A53D60 /* categoryCell.swift */ = {isa = PBXFileReference; lastKnownFileType = sourcecode.swift; path = categoryCell.swift; sourceTree = "<group>"; };
		69B461DF2386E64100A53D60 /* customRoundView.swift */ = {isa = PBXFileReference; lastKnownFileType = sourcecode.swift; path = customRoundView.swift; sourceTree = "<group>"; };
		69B461E12386EDA100A53D60 /* costomTV.swift */ = {isa = PBXFileReference; lastKnownFileType = sourcecode.swift; path = costomTV.swift; sourceTree = "<group>"; };
		69CC0B01239FC62000C7E058 /* Cofig.swift */ = {isa = PBXFileReference; lastKnownFileType = sourcecode.swift; path = Cofig.swift; sourceTree = "<group>"; };
		69CC0B04239FC78300C7E058 /* API+Auth.swift */ = {isa = PBXFileReference; lastKnownFileType = sourcecode.swift; path = "API+Auth.swift"; sourceTree = "<group>"; };
		69CC0B06239FD8BF00C7E058 /* internetConnection.swift */ = {isa = PBXFileReference; lastKnownFileType = sourcecode.swift; path = internetConnection.swift; sourceTree = "<group>"; };
		69E14169238C034A001D8FDE /* showAlert.swift */ = {isa = PBXFileReference; lastKnownFileType = sourcecode.swift; path = showAlert.swift; sourceTree = "<group>"; };
		69E1416B238C16CF001D8FDE /* addNewAddressVC.swift */ = {isa = PBXFileReference; lastKnownFileType = sourcecode.swift; path = addNewAddressVC.swift; sourceTree = "<group>"; };
		69F764C2239E67200022D3C2 /* LocationSearchTable.swift */ = {isa = PBXFileReference; lastKnownFileType = sourcecode.swift; path = LocationSearchTable.swift; sourceTree = "<group>"; };
		69FFD48E238A90860008A965 /* helpVC.swift */ = {isa = PBXFileReference; lastKnownFileType = sourcecode.swift; path = helpVC.swift; sourceTree = "<group>"; };
		B193A57F5F11BD7AB87E8084 /* Pods-Nwqis.release.xcconfig */ = {isa = PBXFileReference; includeInIndex = 1; lastKnownFileType = text.xcconfig; name = "Pods-Nwqis.release.xcconfig"; path = "Target Support Files/Pods-Nwqis/Pods-Nwqis.release.xcconfig"; sourceTree = "<group>"; };
/* End PBXFileReference section */

/* Begin PBXFrameworksBuildPhase section */
		693488592384040500871ABE /* Frameworks */ = {
			isa = PBXFrameworksBuildPhase;
			buildActionMask = 2147483647;
			files = (
				4D7B1A14AE6C32178D2AC503 /* Pods_Nwqis.framework in Frameworks */,
			);
			runOnlyForDeploymentPostprocessing = 0;
		};
/* End PBXFrameworksBuildPhase section */

/* Begin PBXGroup section */
		6927FDD723A13F9E00DF3C2B /* Model */ = {
			isa = PBXGroup;
			children = (
				6927FDD823A13FBE00DF3C2B /* cityAndAreasModel.swift */,
				6927FDDC23A152D900DF3C2B /* categoursSubcategoursModel.swift */,
				694CC50B23A29A9C00F371B8 /* banners.swift */,
				698421BE23A7E5DF000C63BD /* offersModel.swift */,
				692A6A9D23AFA5BD00973645 /* messageModel.swift */,
			);
			path = Model;
			sourceTree = "<group>";
		};
		692A6A9423AF87F400973645 /* message */ = {
			isa = PBXGroup;
			children = (
				692A6A9523AF881B00973645 /* messageHomeVC.swift */,
				692A6A9723AF885C00973645 /* messageDitelsVC.swift */,
				692A6A9923AF88C700973645 /* replayMessageVC.swift */,
			);
			path = message;
			sourceTree = "<group>";
		};
		692A6AA123AFAE2B00973645 /* messages */ = {
			isa = PBXGroup;
			children = (
				692A6AA223AFAE4D00973645 /* historyMessageCell.swift */,
				692A6AA423AFC73C00973645 /* messageDitealsCell.swift */,
			);
			path = messages;
			sourceTree = "<group>";
		};
		693488532384040500871ABE = {
			isa = PBXGroup;
			children = (
				6934885E2384040500871ABE /* Nwqis */,
				6934885D2384040500871ABE /* Products */,
				C6AEA860B260F6219731EFA3 /* Pods */,
				A85194DD1FDD992D4EA2DA23 /* Frameworks */,
			);
			sourceTree = "<group>";
		};
		6934885D2384040500871ABE /* Products */ = {
			isa = PBXGroup;
			children = (
				6934885C2384040500871ABE /* Nwqis.app */,
			);
			name = Products;
			sourceTree = "<group>";
		};
		6934885E2384040500871ABE /* Nwqis */ = {
			isa = PBXGroup;
			children = (
				6927FDD723A13F9E00DF3C2B /* Model */,
				69CC0B03239FC74700C7E058 /* API */,
				69CC0B00239FC5EF00C7E058 /* URLS */,
				69E14168238C0325001D8FDE /* Extension */,
				693488762384049D00871ABE /* View */,
				693488742384046A00871ABE /* CellClass */,
				693488732384045700871ABE /* AppDelegate */,
				693488752384047800871ABE /* Storyboard */,
				69348877238404B400871ABE /* ViewController */,
				693488682384040500871ABE /* Assets.xcassets */,
				6934886D2384040500871ABE /* Info.plist */,
			);
			path = Nwqis;
			sourceTree = "<group>";
		};
		693488732384045700871ABE /* AppDelegate */ = {
			isa = PBXGroup;
			children = (
				6934885F2384040500871ABE /* AppDelegate.swift */,
				693488612384040500871ABE /* SceneDelegate.swift */,
			);
			path = AppDelegate;
			sourceTree = "<group>";
		};
		693488742384046A00871ABE /* CellClass */ = {
			isa = PBXGroup;
			children = (
				692A6AA123AFAE2B00973645 /* messages */,
				698421C023A7EA89000C63BD /* Profile */,
				694CC50723A2947E00F371B8 /* catAndSubcatCellCells */,
				694CC50D23A2A40E00F371B8 /* CollectionViewCell.swift */,
			);
			path = CellClass;
			sourceTree = "<group>";
		};
		693488752384047800871ABE /* Storyboard */ = {
			isa = PBXGroup;
			children = (
				6934886A2384040500871ABE /* LaunchScreen.storyboard */,
				693488652384040500871ABE /* Main.storyboard */,
			);
			path = Storyboard;
			sourceTree = "<group>";
		};
		693488762384049D00871ABE /* View */ = {
			isa = PBXGroup;
			children = (
				6906D38E238430B900CEA89F /* roundedTF.swift */,
				69364C7E2385591A005DB4E5 /* textImage.swift */,
				69364C8023856AD5005DB4E5 /* roundedBTN.swift */,
				69364C822385825F005DB4E5 /* roundedView.swift */,
				69B461DF2386E64100A53D60 /* customRoundView.swift */,
				69B461E12386EDA100A53D60 /* costomTV.swift */,
				692A6A9B23AF918300973645 /* rondedSegent.swift */,
			);
			path = View;
			sourceTree = "<group>";
		};
		69348877238404B400871ABE /* ViewController */ = {
			isa = PBXGroup;
			children = (
				692A6A9423AF87F400973645 /* message */,
				6978658523A688E500EDEEB7 /* profile */,
				698664292386A6EE00848F61 /* home */,
				698664282386A4D800848F61 /* Auth */,
				69F764C2239E67200022D3C2 /* LocationSearchTable.swift */,
			);
			path = ViewController;
			sourceTree = "<group>";
		};
		694CC50423A283BA00F371B8 /* Home */ = {
			isa = PBXGroup;
			children = (
				6986642A2386A6FF00848F61 /* homeVC.swift */,
				694CC50223A2830600F371B8 /* subCatVC.swift */,
			);
			path = Home;
			sourceTree = "<group>";
		};
		694CC50723A2947E00F371B8 /* catAndSubcatCellCells */ = {
			isa = PBXGroup;
			children = (
				69B461DD2386C5D800A53D60 /* categoryCell.swift */,
				694CC50523A2944F00F371B8 /* subCatCell.swift */,
			);
			path = catAndSubcatCellCells;
			sourceTree = "<group>";
		};
		6978658523A688E500EDEEB7 /* profile */ = {
			isa = PBXGroup;
			children = (
				6978658623A6890300EDEEB7 /* profileVC.swift */,
				6978658A23A6921700EDEEB7 /* editProifleVC.swift */,
				699443B823A7A4D10027A268 /* downCategourysVC.swift */,
				6959BA6C23A90942001DB7AF /* FilterDeleget.swift */,
				6964C1CE23AA845E00032926 /* myRequestsDitelsVC.swift */,
			);
			path = profile;
			sourceTree = "<group>";
		};
		698421C023A7EA89000C63BD /* Profile */ = {
			isa = PBXGroup;
			children = (
				698421C123A7EAB1000C63BD /* offersCell.swift */,
				69ACF8A123AA6BED00FC07F5 /* myRequestsCell.swift */,
				6964C1D023AA8B5B00032926 /* myRequDItelsCell.swift */,
			);
			path = Profile;
			sourceTree = "<group>";
		};
		698664282386A4D800848F61 /* Auth */ = {
			isa = PBXGroup;
			children = (
				693488632384040500871ABE /* loginVC.swift */,
				698664262386A4CA00848F61 /* registerVC.swift */,
			);
			path = Auth;
			sourceTree = "<group>";
		};
		698664292386A6EE00848F61 /* home */ = {
			isa = PBXGroup;
			children = (
				694CC50423A283BA00F371B8 /* Home */,
				69B461DB2386C53E00A53D60 /* searchVC.swift */,
				69FFD48E238A90860008A965 /* helpVC.swift */,
				69E1416B238C16CF001D8FDE /* addNewAddressVC.swift */,
			);
			path = home;
			sourceTree = "<group>";
		};
		69CC0B00239FC5EF00C7E058 /* URLS */ = {
			isa = PBXGroup;
			children = (
				69CC0B01239FC62000C7E058 /* Cofig.swift */,
			);
			path = URLS;
			sourceTree = "<group>";
		};
		69CC0B03239FC74700C7E058 /* API */ = {
			isa = PBXGroup;
			children = (
				69CC0B04239FC78300C7E058 /* API+Auth.swift */,
				69CC0B06239FD8BF00C7E058 /* internetConnection.swift */,
				6927FDDA23A1406B00DF3C2B /* API+CityAndAreas.swift */,
				6927FDDE23A154D500DF3C2B /* API+CategoursAndSubCategours.swift */,
				694CC50923A29A6F00F371B8 /* API+Requsests.swift */,
				6978658823A68A4200EDEEB7 /* API+Prfoile.swift */,
				6959BA6E23A94C38001DB7AF /* API+Requests.swift */,
				692A6A9F23AFA79400973645 /* API+Messages.swift */,
			);
			path = API;
			sourceTree = "<group>";
		};
		69E14168238C0325001D8FDE /* Extension */ = {
			isa = PBXGroup;
			children = (
				69E14169238C034A001D8FDE /* showAlert.swift */,
				690BA7AF238E8A67008BD3B5 /* helper.swift */,
			);
			path = Extension;
			sourceTree = "<group>";
		};
		A85194DD1FDD992D4EA2DA23 /* Frameworks */ = {
			isa = PBXGroup;
			children = (
				19018E99C0A744C3E8EEBD09 /* Pods_Nwqis.framework */,
			);
			name = Frameworks;
			sourceTree = "<group>";
		};
		C6AEA860B260F6219731EFA3 /* Pods */ = {
			isa = PBXGroup;
			children = (
				1B32A4DF77EB2E83938F025F /* Pods-Nwqis.debug.xcconfig */,
				B193A57F5F11BD7AB87E8084 /* Pods-Nwqis.release.xcconfig */,
			);
			path = Pods;
			sourceTree = "<group>";
		};
/* End PBXGroup section */

/* Begin PBXNativeTarget section */
		6934885B2384040500871ABE /* Nwqis */ = {
			isa = PBXNativeTarget;
			buildConfigurationList = 693488702384040500871ABE /* Build configuration list for PBXNativeTarget "Nwqis" */;
			buildPhases = (
				CE91195CBB6C8CFB57FC04DD /* [CP] Check Pods Manifest.lock */,
				693488582384040500871ABE /* Sources */,
				693488592384040500871ABE /* Frameworks */,
				6934885A2384040500871ABE /* Resources */,
				32C98BA4ED2B2EBE86C9F1D6 /* [CP] Embed Pods Frameworks */,
			);
			buildRules = (
			);
			dependencies = (
			);
			name = Nwqis;
			productName = Nwqis;
			productReference = 6934885C2384040500871ABE /* Nwqis.app */;
			productType = "com.apple.product-type.application";
		};
/* End PBXNativeTarget section */

/* Begin PBXProject section */
		693488542384040500871ABE /* Project object */ = {
			isa = PBXProject;
			attributes = {
				LastSwiftUpdateCheck = 1120;
				LastUpgradeCheck = 1120;
				ORGANIZATIONNAME = Farido;
				TargetAttributes = {
					6934885B2384040500871ABE = {
						CreatedOnToolsVersion = 11.2.1;
					};
				};
			};
			buildConfigurationList = 693488572384040500871ABE /* Build configuration list for PBXProject "Nwqis" */;
			compatibilityVersion = "Xcode 9.3";
			developmentRegion = en;
			hasScannedForEncodings = 0;
			knownRegions = (
				en,
				Base,
			);
			mainGroup = 693488532384040500871ABE;
			productRefGroup = 6934885D2384040500871ABE /* Products */;
			projectDirPath = "";
			projectRoot = "";
			targets = (
				6934885B2384040500871ABE /* Nwqis */,
			);
		};
/* End PBXProject section */

/* Begin PBXResourcesBuildPhase section */
		6934885A2384040500871ABE /* Resources */ = {
			isa = PBXResourcesBuildPhase;
			buildActionMask = 2147483647;
			files = (
				6934886C2384040500871ABE /* LaunchScreen.storyboard in Resources */,
				693488692384040500871ABE /* Assets.xcassets in Resources */,
				693488672384040500871ABE /* Main.storyboard in Resources */,
			);
			runOnlyForDeploymentPostprocessing = 0;
		};
/* End PBXResourcesBuildPhase section */

/* Begin PBXShellScriptBuildPhase section */
		32C98BA4ED2B2EBE86C9F1D6 /* [CP] Embed Pods Frameworks */ = {
			isa = PBXShellScriptBuildPhase;
			buildActionMask = 2147483647;
			files = (
			);
			inputFileListPaths = (
				"${PODS_ROOT}/Target Support Files/Pods-Nwqis/Pods-Nwqis-frameworks-${CONFIGURATION}-input-files.xcfilelist",
			);
			name = "[CP] Embed Pods Frameworks";
			outputFileListPaths = (
				"${PODS_ROOT}/Target Support Files/Pods-Nwqis/Pods-Nwqis-frameworks-${CONFIGURATION}-output-files.xcfilelist",
			);
			runOnlyForDeploymentPostprocessing = 0;
			shellPath = /bin/sh;
			shellScript = "\"${PODS_ROOT}/Target Support Files/Pods-Nwqis/Pods-Nwqis-frameworks.sh\"\n";
			showEnvVarsInLog = 0;
		};
		CE91195CBB6C8CFB57FC04DD /* [CP] Check Pods Manifest.lock */ = {
			isa = PBXShellScriptBuildPhase;
			buildActionMask = 2147483647;
			files = (
			);
			inputFileListPaths = (
			);
			inputPaths = (
				"${PODS_PODFILE_DIR_PATH}/Podfile.lock",
				"${PODS_ROOT}/Manifest.lock",
			);
			name = "[CP] Check Pods Manifest.lock";
			outputFileListPaths = (
			);
			outputPaths = (
				"$(DERIVED_FILE_DIR)/Pods-Nwqis-checkManifestLockResult.txt",
			);
			runOnlyForDeploymentPostprocessing = 0;
			shellPath = /bin/sh;
			shellScript = "diff \"${PODS_PODFILE_DIR_PATH}/Podfile.lock\" \"${PODS_ROOT}/Manifest.lock\" > /dev/null\nif [ $? != 0 ] ; then\n    # print error to STDERR\n    echo \"error: The sandbox is not in sync with the Podfile.lock. Run 'pod install' or update your CocoaPods installation.\" >&2\n    exit 1\nfi\n# This output is used by Xcode 'outputs' to avoid re-running this script phase.\necho \"SUCCESS\" > \"${SCRIPT_OUTPUT_FILE_0}\"\n";
			showEnvVarsInLog = 0;
		};
/* End PBXShellScriptBuildPhase section */

/* Begin PBXSourcesBuildPhase section */
		693488582384040500871ABE /* Sources */ = {
			isa = PBXSourcesBuildPhase;
			buildActionMask = 2147483647;
			files = (
				69B461DE2386C5D800A53D60 /* categoryCell.swift in Sources */,
				692A6A9623AF881B00973645 /* messageHomeVC.swift in Sources */,
				693488642384040500871ABE /* loginVC.swift in Sources */,
				699443B923A7A4D10027A268 /* downCategourysVC.swift in Sources */,
				6978658923A68A4200EDEEB7 /* API+Prfoile.swift in Sources */,
				692A6AA523AFC73C00973645 /* messageDitealsCell.swift in Sources */,
				698421C223A7EAB1000C63BD /* offersCell.swift in Sources */,
				69E1416C238C16CF001D8FDE /* addNewAddressVC.swift in Sources */,
				6959BA6F23A94C38001DB7AF /* API+Requests.swift in Sources */,
				69F764C3239E67200022D3C2 /* LocationSearchTable.swift in Sources */,
				694CC50323A2830600F371B8 /* subCatVC.swift in Sources */,
				69B461E02386E64100A53D60 /* customRoundView.swift in Sources */,
				694CC50C23A29A9C00F371B8 /* banners.swift in Sources */,
				694CC50A23A29A6F00F371B8 /* API+Requsests.swift in Sources */,
				692A6A9C23AF918300973645 /* rondedSegent.swift in Sources */,
				6959BA6D23A90942001DB7AF /* FilterDeleget.swift in Sources */,
				698664272386A4CA00848F61 /* registerVC.swift in Sources */,
				69364C7F2385591A005DB4E5 /* textImage.swift in Sources */,
				690BA7B0238E8A67008BD3B5 /* helper.swift in Sources */,
				69364C832385825F005DB4E5 /* roundedView.swift in Sources */,
				6906D38F238430B900CEA89F /* roundedTF.swift in Sources */,
				693488602384040500871ABE /* AppDelegate.swift in Sources */,
				6927FDDB23A1406B00DF3C2B /* API+CityAndAreas.swift in Sources */,
				6978658723A6890300EDEEB7 /* profileVC.swift in Sources */,
				69ACF8A223AA6BED00FC07F5 /* myRequestsCell.swift in Sources */,
				69B461DC2386C53E00A53D60 /* searchVC.swift in Sources */,
				69FFD48F238A90860008A965 /* helpVC.swift in Sources */,
				692A6AA323AFAE4D00973645 /* historyMessageCell.swift in Sources */,
				69364C8123856AD5005DB4E5 /* roundedBTN.swift in Sources */,
				6964C1D123AA8B5B00032926 /* myRequDItelsCell.swift in Sources */,
				69CC0B07239FD8BF00C7E058 /* internetConnection.swift in Sources */,
				6927FDDD23A152D900DF3C2B /* categoursSubcategoursModel.swift in Sources */,
				694CC50E23A2A40E00F371B8 /* CollectionViewCell.swift in Sources */,
				694CC50623A2944F00F371B8 /* subCatCell.swift in Sources */,
				6978658B23A6921700EDEEB7 /* editProifleVC.swift in Sources */,
				6986642B2386A6FF00848F61 /* homeVC.swift in Sources */,
				693488622384040500871ABE /* SceneDelegate.swift in Sources */,
				6927FDDF23A154D500DF3C2B /* API+CategoursAndSubCategours.swift in Sources */,
				69CC0B05239FC78300C7E058 /* API+Auth.swift in Sources */,
				698421BF23A7E5DF000C63BD /* offersModel.swift in Sources */,
				6964C1CF23AA845E00032926 /* myRequestsDitelsVC.swift in Sources */,
				692A6A9E23AFA5BD00973645 /* messageModel.swift in Sources */,
				69CC0B02239FC62000C7E058 /* Cofig.swift in Sources */,
				692A6A9A23AF88C700973645 /* replayMessageVC.swift in Sources */,
				692A6AA023AFA79400973645 /* API+Messages.swift in Sources */,
				692A6A9823AF885C00973645 /* messageDitelsVC.swift in Sources */,
				69E1416A238C034A001D8FDE /* showAlert.swift in Sources */,
				69B461E22386EDA100A53D60 /* costomTV.swift in Sources */,
				6927FDD923A13FBE00DF3C2B /* cityAndAreasModel.swift in Sources */,
			);
			runOnlyForDeploymentPostprocessing = 0;
		};
/* End PBXSourcesBuildPhase section */

/* Begin PBXVariantGroup section */
		693488652384040500871ABE /* Main.storyboard */ = {
			isa = PBXVariantGroup;
			children = (
				693488662384040500871ABE /* Base */,
			);
			name = Main.storyboard;
			sourceTree = "<group>";
		};
		6934886A2384040500871ABE /* LaunchScreen.storyboard */ = {
			isa = PBXVariantGroup;
			children = (
				6934886B2384040500871ABE /* Base */,
			);
			name = LaunchScreen.storyboard;
			sourceTree = "<group>";
		};
/* End PBXVariantGroup section */

/* Begin XCBuildConfiguration section */
		6934886E2384040500871ABE /* Debug */ = {
			isa = XCBuildConfiguration;
			buildSettings = {
				ALWAYS_SEARCH_USER_PATHS = NO;
				CLANG_ANALYZER_NONNULL = YES;
				CLANG_ANALYZER_NUMBER_OBJECT_CONVERSION = YES_AGGRESSIVE;
				CLANG_CXX_LANGUAGE_STANDARD = "gnu++14";
				CLANG_CXX_LIBRARY = "libc++";
				CLANG_ENABLE_MODULES = YES;
				CLANG_ENABLE_OBJC_ARC = YES;
				CLANG_ENABLE_OBJC_WEAK = YES;
				CLANG_WARN_BLOCK_CAPTURE_AUTORELEASING = YES;
				CLANG_WARN_BOOL_CONVERSION = YES;
				CLANG_WARN_COMMA = YES;
				CLANG_WARN_CONSTANT_CONVERSION = YES;
				CLANG_WARN_DEPRECATED_OBJC_IMPLEMENTATIONS = YES;
				CLANG_WARN_DIRECT_OBJC_ISA_USAGE = YES_ERROR;
				CLANG_WARN_DOCUMENTATION_COMMENTS = YES;
				CLANG_WARN_EMPTY_BODY = YES;
				CLANG_WARN_ENUM_CONVERSION = YES;
				CLANG_WARN_INFINITE_RECURSION = YES;
				CLANG_WARN_INT_CONVERSION = YES;
				CLANG_WARN_NON_LITERAL_NULL_CONVERSION = YES;
				CLANG_WARN_OBJC_IMPLICIT_RETAIN_SELF = YES;
				CLANG_WARN_OBJC_LITERAL_CONVERSION = YES;
				CLANG_WARN_OBJC_ROOT_CLASS = YES_ERROR;
				CLANG_WARN_RANGE_LOOP_ANALYSIS = YES;
				CLANG_WARN_STRICT_PROTOTYPES = YES;
				CLANG_WARN_SUSPICIOUS_MOVE = YES;
				CLANG_WARN_UNGUARDED_AVAILABILITY = YES_AGGRESSIVE;
				CLANG_WARN_UNREACHABLE_CODE = YES;
				CLANG_WARN__DUPLICATE_METHOD_MATCH = YES;
				COPY_PHASE_STRIP = NO;
				DEBUG_INFORMATION_FORMAT = dwarf;
				ENABLE_STRICT_OBJC_MSGSEND = YES;
				ENABLE_TESTABILITY = YES;
				GCC_C_LANGUAGE_STANDARD = gnu11;
				GCC_DYNAMIC_NO_PIC = NO;
				GCC_NO_COMMON_BLOCKS = YES;
				GCC_OPTIMIZATION_LEVEL = 0;
				GCC_PREPROCESSOR_DEFINITIONS = (
					"DEBUG=1",
					"$(inherited)",
				);
				GCC_WARN_64_TO_32_BIT_CONVERSION = YES;
				GCC_WARN_ABOUT_RETURN_TYPE = YES_ERROR;
				GCC_WARN_UNDECLARED_SELECTOR = YES;
				GCC_WARN_UNINITIALIZED_AUTOS = YES_AGGRESSIVE;
				GCC_WARN_UNUSED_FUNCTION = YES;
				GCC_WARN_UNUSED_VARIABLE = YES;
				IPHONEOS_DEPLOYMENT_TARGET = 13.2;
				MTL_ENABLE_DEBUG_INFO = INCLUDE_SOURCE;
				MTL_FAST_MATH = YES;
				ONLY_ACTIVE_ARCH = YES;
				SDKROOT = iphoneos;
				SWIFT_ACTIVE_COMPILATION_CONDITIONS = DEBUG;
				SWIFT_OPTIMIZATION_LEVEL = "-Onone";
			};
			name = Debug;
		};
		6934886F2384040500871ABE /* Release */ = {
			isa = XCBuildConfiguration;
			buildSettings = {
				ALWAYS_SEARCH_USER_PATHS = NO;
				CLANG_ANALYZER_NONNULL = YES;
				CLANG_ANALYZER_NUMBER_OBJECT_CONVERSION = YES_AGGRESSIVE;
				CLANG_CXX_LANGUAGE_STANDARD = "gnu++14";
				CLANG_CXX_LIBRARY = "libc++";
				CLANG_ENABLE_MODULES = YES;
				CLANG_ENABLE_OBJC_ARC = YES;
				CLANG_ENABLE_OBJC_WEAK = YES;
				CLANG_WARN_BLOCK_CAPTURE_AUTORELEASING = YES;
				CLANG_WARN_BOOL_CONVERSION = YES;
				CLANG_WARN_COMMA = YES;
				CLANG_WARN_CONSTANT_CONVERSION = YES;
				CLANG_WARN_DEPRECATED_OBJC_IMPLEMENTATIONS = YES;
				CLANG_WARN_DIRECT_OBJC_ISA_USAGE = YES_ERROR;
				CLANG_WARN_DOCUMENTATION_COMMENTS = YES;
				CLANG_WARN_EMPTY_BODY = YES;
				CLANG_WARN_ENUM_CONVERSION = YES;
				CLANG_WARN_INFINITE_RECURSION = YES;
				CLANG_WARN_INT_CONVERSION = YES;
				CLANG_WARN_NON_LITERAL_NULL_CONVERSION = YES;
				CLANG_WARN_OBJC_IMPLICIT_RETAIN_SELF = YES;
				CLANG_WARN_OBJC_LITERAL_CONVERSION = YES;
				CLANG_WARN_OBJC_ROOT_CLASS = YES_ERROR;
				CLANG_WARN_RANGE_LOOP_ANALYSIS = YES;
				CLANG_WARN_STRICT_PROTOTYPES = YES;
				CLANG_WARN_SUSPICIOUS_MOVE = YES;
				CLANG_WARN_UNGUARDED_AVAILABILITY = YES_AGGRESSIVE;
				CLANG_WARN_UNREACHABLE_CODE = YES;
				CLANG_WARN__DUPLICATE_METHOD_MATCH = YES;
				COPY_PHASE_STRIP = NO;
				DEBUG_INFORMATION_FORMAT = "dwarf-with-dsym";
				ENABLE_NS_ASSERTIONS = NO;
				ENABLE_STRICT_OBJC_MSGSEND = YES;
				GCC_C_LANGUAGE_STANDARD = gnu11;
				GCC_NO_COMMON_BLOCKS = YES;
				GCC_WARN_64_TO_32_BIT_CONVERSION = YES;
				GCC_WARN_ABOUT_RETURN_TYPE = YES_ERROR;
				GCC_WARN_UNDECLARED_SELECTOR = YES;
				GCC_WARN_UNINITIALIZED_AUTOS = YES_AGGRESSIVE;
				GCC_WARN_UNUSED_FUNCTION = YES;
				GCC_WARN_UNUSED_VARIABLE = YES;
				IPHONEOS_DEPLOYMENT_TARGET = 13.2;
				MTL_ENABLE_DEBUG_INFO = NO;
				MTL_FAST_MATH = YES;
				SDKROOT = iphoneos;
				SWIFT_COMPILATION_MODE = wholemodule;
				SWIFT_OPTIMIZATION_LEVEL = "-O";
				VALIDATE_PRODUCT = YES;
			};
			name = Release;
		};
		693488712384040500871ABE /* Debug */ = {
			isa = XCBuildConfiguration;
			baseConfigurationReference = 1B32A4DF77EB2E83938F025F /* Pods-Nwqis.debug.xcconfig */;
			buildSettings = {
				ASSETCATALOG_COMPILER_APPICON_NAME = AppIcon;
				CODE_SIGN_STYLE = Automatic;
				DEVELOPMENT_TEAM = 4Z34DQ34UQ;
				INFOPLIST_FILE = Nwqis/Info.plist;
				LD_RUNPATH_SEARCH_PATHS = (
					"$(inherited)",
					"@executable_path/Frameworks",
				);
				PRODUCT_BUNDLE_IDENTIFIER = com.farido.Nwqis.Ebakers.Nwqis;
				PRODUCT_NAME = "$(TARGET_NAME)";
				SWIFT_VERSION = 5.0;
				TARGETED_DEVICE_FAMILY = 1;
			};
			name = Debug;
		};
		693488722384040500871ABE /* Release */ = {
			isa = XCBuildConfiguration;
			baseConfigurationReference = B193A57F5F11BD7AB87E8084 /* Pods-Nwqis.release.xcconfig */;
			buildSettings = {
				ASSETCATALOG_COMPILER_APPICON_NAME = AppIcon;
				CODE_SIGN_STYLE = Automatic;
				DEVELOPMENT_TEAM = 4Z34DQ34UQ;
				INFOPLIST_FILE = Nwqis/Info.plist;
				LD_RUNPATH_SEARCH_PATHS = (
					"$(inherited)",
					"@executable_path/Frameworks",
				);
				PRODUCT_BUNDLE_IDENTIFIER = com.farido.Nwqis.Ebakers.Nwqis;
				PRODUCT_NAME = "$(TARGET_NAME)";
				SWIFT_VERSION = 5.0;
				TARGETED_DEVICE_FAMILY = 1;
			};
			name = Release;
		};
/* End XCBuildConfiguration section */

/* Begin XCConfigurationList section */
		693488572384040500871ABE /* Build configuration list for PBXProject "Nwqis" */ = {
			isa = XCConfigurationList;
			buildConfigurations = (
				6934886E2384040500871ABE /* Debug */,
				6934886F2384040500871ABE /* Release */,
			);
			defaultConfigurationIsVisible = 0;
			defaultConfigurationName = Release;
		};
		693488702384040500871ABE /* Build configuration list for PBXNativeTarget "Nwqis" */ = {
			isa = XCConfigurationList;
			buildConfigurations = (
				693488712384040500871ABE /* Debug */,
				693488722384040500871ABE /* Release */,
			);
			defaultConfigurationIsVisible = 0;
			defaultConfigurationName = Release;
		};
/* End XCConfigurationList section */
	};
	rootObject = 693488542384040500871ABE /* Project object */;
}
